
Microsoft Visual Studio Solution File, Format Version 12.00
# Visual Studio Version 17
VisualStudioVersion = 17.4.33110.190
MinimumVisualStudioVersion = 10.0.40219.1
Project("{FAE04EC0-301F-11D3-BF4B-00C04F79EFBC}") = "HandleException", "HandleException.csproj", "{9BCB205D-0490-4FCB-ACE8-CA595E25E11B}"
EndProject
Project("{FAE04EC0-301F-11D3-BF4B-00C04F79EFBC}") = "HandlingTestProject", "..\HandlingTestProject\HandlingTestProject.csproj", "{E0A03470-1A64-4A40-9CF1-888B99AB5FCC}"
EndProject
Global
	GlobalSection(SolutionConfigurationPlatforms) = preSolution
		Debug|Any CPU = Debug|Any CPU
		Release|Any CPU = Release|Any CPU
	EndGlobalSection
	GlobalSection(ProjectConfigurationPlatforms) = postSolution
		{9BCB205D-0490-4FCB-ACE8-CA595E25E11B}.Debug|Any CPU.ActiveCfg = Debug|Any CPU
		{9BCB205D-0490-4FCB-ACE8-CA595E25E11B}.Debug|Any CPU.Build.0 = Debug|Any CPU
		{9BCB205D-0490-4FCB-ACE8-CA595E25E11B}.Release|Any CPU.ActiveCfg = Release|Any CPU
		{9BCB205D-0490-4FCB-ACE8-CA595E25E11B}.Release|Any CPU.Build.0 = Release|Any CPU
		{E0A03470-1A64-4A40-9CF1-888B99AB5FCC}.Debug|Any CPU.ActiveCfg = Debug|Any CPU
		{E0A03470-1A64-4A40-9CF1-888B99AB5FCC}.Debug|Any CPU.Build.0 = Debug|Any CPU
		{E0A03470-1A64-4A40-9CF1-888B99AB5FCC}.Release|Any CPU.ActiveCfg = Release|Any CPU
		{E0A03470-1A64-4A40-9CF1-888B99AB5FCC}.Release|Any CPU.Build.0 = Release|Any CPU
	EndGlobalSection
	GlobalSection(SolutionProperties) = preSolution
		HideSolutionNode = FALSE
	EndGlobalSection
	GlobalSection(ExtensibilityGlobals) = postSolution
		SolutionGuid = {BEB5401E-E28F-41EB-895E-23B3BA248CC8}
	EndGlobalSection
EndGlobal
